
Microsoft Visual Studio Solution File, Format Version 12.00
# Visual Studio Version 16
VisualStudioVersion = 16.0.29709.97
MinimumVisualStudioVersion = 10.0.40219.1
Project("{2150E333-8FDC-42A3-9474-1A3956D46DE8}") = "src", "src", "{0CE02886-B9A8-42DC-AE3C-BC52A05A4823}"
EndProject
Project("{2150E333-8FDC-42A3-9474-1A3956D46DE8}") = "core", "core", "{7CBF7C29-5339-40E8-93EB-A92EA2EB5139}"
EndProject
Project("{2150E333-8FDC-42A3-9474-1A3956D46DE8}") = "infastructure", "infastructure", "{A7B8D942-42DE-4744-AC73-997EAB5473F4}"
EndProject
Project("{2150E333-8FDC-42A3-9474-1A3956D46DE8}") = "api", "api", "{027A5CA7-05E0-498B-A0DC-9569428255E2}"
EndProject
Project("{9A19103F-16F7-4668-BE54-9A1E7A4F7556}") = "FinanceManager.Application", "src\FinanceManager.Application\FinanceManager.Application.csproj", "{4A3E9F84-03CF-43A7-9652-7DBEAC9FD6CA}"
EndProject
Project("{9A19103F-16F7-4668-BE54-9A1E7A4F7556}") = "FinanceManager.Domain", "src\FinanceManager.Domain\FinanceManager.Domain.csproj", "{24E6230D-1465-4B69-9B95-885516F54C59}"
EndProject
Project("{9A19103F-16F7-4668-BE54-9A1E7A4F7556}") = "FinanceManager.Infastructure", "src\FinanceManager.Infastructure\FinanceManager.Infastructure.csproj", "{E353F811-92E8-4278-ABE3-C4164D1DE4DD}"
EndProject
Project("{9A19103F-16F7-4668-BE54-9A1E7A4F7556}") = "FinanceManager.Persistence", "src\FinanceManager.Persistence\FinanceManager.Persistence.csproj", "{67F68CDF-920A-4B11-A10F-9A6A10FEE0B6}"
EndProject
Project("{9A19103F-16F7-4668-BE54-9A1E7A4F7556}") = "FinanceManeger.Api", "src\FinanceMeneger.Api\FinanceManeger.Api.csproj", "{2FE69DD7-9B1B-4FFF-9D7E-DA68A1CE907E}"
EndProject
Project("{2150E333-8FDC-42A3-9474-1A3956D46DE8}") = "client", "client", "{D53F7570-F3BE-4A51-8ABF-F7914B7C1E8C}"
EndProject
Project("{E24C65DC-7377-472B-9ABA-BC803B73C61A}") = "Finance.Manager.Client", "src\Finance.Manager.Client\", "{2623E4FE-7C35-48BA-8567-32DEBA95E3FD}"
	ProjectSection(WebsiteProperties) = preProject
		TargetFrameworkMoniker = ".NETFramework,Version%3Dv4.0"
		Debug.AspNetCompiler.VirtualPath = "/localhost_64684"
		Debug.AspNetCompiler.PhysicalPath = "src\Finance.Manager.Client\"
		Debug.AspNetCompiler.TargetPath = "PrecompiledWeb\localhost_64684\"
		Debug.AspNetCompiler.Updateable = "true"
		Debug.AspNetCompiler.ForceOverwrite = "true"
		Debug.AspNetCompiler.FixedNames = "false"
		Debug.AspNetCompiler.Debug = "True"
		Release.AspNetCompiler.VirtualPath = "/localhost_64684"
		Release.AspNetCompiler.PhysicalPath = "src\Finance.Manager.Client\"
		Release.AspNetCompiler.TargetPath = "PrecompiledWeb\localhost_64684\"
		Release.AspNetCompiler.Updateable = "true"
		Release.AspNetCompiler.ForceOverwrite = "true"
		Release.AspNetCompiler.FixedNames = "false"
		Release.AspNetCompiler.Debug = "False"
		VWDPort = "64684"
		SlnRelativePath = "src\Finance.Manager.Client\"
	EndProjectSection
EndProject
Global
	GlobalSection(SolutionConfigurationPlatforms) = preSolution
		Debug|Any CPU = Debug|Any CPU
		Release|Any CPU = Release|Any CPU
	EndGlobalSection
	GlobalSection(ProjectConfigurationPlatforms) = postSolution
		{4A3E9F84-03CF-43A7-9652-7DBEAC9FD6CA}.Debug|Any CPU.ActiveCfg = Debug|Any CPU
		{4A3E9F84-03CF-43A7-9652-7DBEAC9FD6CA}.Debug|Any CPU.Build.0 = Debug|Any CPU
		{4A3E9F84-03CF-43A7-9652-7DBEAC9FD6CA}.Release|Any CPU.ActiveCfg = Release|Any CPU
		{4A3E9F84-03CF-43A7-9652-7DBEAC9FD6CA}.Release|Any CPU.Build.0 = Release|Any CPU
		{24E6230D-1465-4B69-9B95-885516F54C59}.Debug|Any CPU.ActiveCfg = Debug|Any CPU
		{24E6230D-1465-4B69-9B95-885516F54C59}.Debug|Any CPU.Build.0 = Debug|Any CPU
		{24E6230D-1465-4B69-9B95-885516F54C59}.Release|Any CPU.ActiveCfg = Release|Any CPU
		{24E6230D-1465-4B69-9B95-885516F54C59}.Release|Any CPU.Build.0 = Release|Any CPU
		{E353F811-92E8-4278-ABE3-C4164D1DE4DD}.Debug|Any CPU.ActiveCfg = Debug|Any CPU
		{E353F811-92E8-4278-ABE3-C4164D1DE4DD}.Debug|Any CPU.Build.0 = Debug|Any CPU
		{E353F811-92E8-4278-ABE3-C4164D1DE4DD}.Release|Any CPU.ActiveCfg = Release|Any CPU
		{E353F811-92E8-4278-ABE3-C4164D1DE4DD}.Release|Any CPU.Build.0 = Release|Any CPU
		{67F68CDF-920A-4B11-A10F-9A6A10FEE0B6}.Debug|Any CPU.ActiveCfg = Debug|Any CPU
		{67F68CDF-920A-4B11-A10F-9A6A10FEE0B6}.Debug|Any CPU.Build.0 = Debug|Any CPU
		{67F68CDF-920A-4B11-A10F-9A6A10FEE0B6}.Release|Any CPU.ActiveCfg = Release|Any CPU
		{67F68CDF-920A-4B11-A10F-9A6A10FEE0B6}.Release|Any CPU.Build.0 = Release|Any CPU
		{2FE69DD7-9B1B-4FFF-9D7E-DA68A1CE907E}.Debug|Any CPU.ActiveCfg = Debug|Any CPU
		{2FE69DD7-9B1B-4FFF-9D7E-DA68A1CE907E}.Debug|Any CPU.Build.0 = Debug|Any CPU
		{2FE69DD7-9B1B-4FFF-9D7E-DA68A1CE907E}.Release|Any CPU.ActiveCfg = Release|Any CPU
		{2FE69DD7-9B1B-4FFF-9D7E-DA68A1CE907E}.Release|Any CPU.Build.0 = Release|Any CPU
		{2623E4FE-7C35-48BA-8567-32DEBA95E3FD}.Debug|Any CPU.ActiveCfg = Debug|Any CPU
		{2623E4FE-7C35-48BA-8567-32DEBA95E3FD}.Debug|Any CPU.Build.0 = Debug|Any CPU
		{2623E4FE-7C35-48BA-8567-32DEBA95E3FD}.Release|Any CPU.ActiveCfg = Debug|Any CPU
		{2623E4FE-7C35-48BA-8567-32DEBA95E3FD}.Release|Any CPU.Build.0 = Debug|Any CPU
	EndGlobalSection
	GlobalSection(SolutionProperties) = preSolution
		HideSolutionNode = FALSE
	EndGlobalSection
	GlobalSection(NestedProjects) = preSolution
		{7CBF7C29-5339-40E8-93EB-A92EA2EB5139} = {0CE02886-B9A8-42DC-AE3C-BC52A05A4823}
		{A7B8D942-42DE-4744-AC73-997EAB5473F4} = {0CE02886-B9A8-42DC-AE3C-BC52A05A4823}
		{027A5CA7-05E0-498B-A0DC-9569428255E2} = {0CE02886-B9A8-42DC-AE3C-BC52A05A4823}
		{4A3E9F84-03CF-43A7-9652-7DBEAC9FD6CA} = {7CBF7C29-5339-40E8-93EB-A92EA2EB5139}
		{24E6230D-1465-4B69-9B95-885516F54C59} = {7CBF7C29-5339-40E8-93EB-A92EA2EB5139}
		{E353F811-92E8-4278-ABE3-C4164D1DE4DD} = {A7B8D942-42DE-4744-AC73-997EAB5473F4}
		{67F68CDF-920A-4B11-A10F-9A6A10FEE0B6} = {A7B8D942-42DE-4744-AC73-997EAB5473F4}
		{2FE69DD7-9B1B-4FFF-9D7E-DA68A1CE907E} = {027A5CA7-05E0-498B-A0DC-9569428255E2}
		{D53F7570-F3BE-4A51-8ABF-F7914B7C1E8C} = {0CE02886-B9A8-42DC-AE3C-BC52A05A4823}
		{2623E4FE-7C35-48BA-8567-32DEBA95E3FD} = {D53F7570-F3BE-4A51-8ABF-F7914B7C1E8C}
	EndGlobalSection
	GlobalSection(ExtensibilityGlobals) = postSolution
		SolutionGuid = {446CF6F8-1CBE-47FF-B2BB-D66C723FE54C}
	EndGlobalSection
EndGlobal
